
Microsoft Visual Studio Solution File, Format Version 12.00
# Visual Studio Version 17
VisualStudioVersion = 17.11.35327.3
MinimumVisualStudioVersion = 10.0.40219.1
Project("{FAE04EC0-301F-11D3-BF4B-00C04F79EFBC}") = "CAN Bus Simulation", "CAN Bus Simulation.csproj", "{0E70F70F-63ED-4FA8-A967-323D56D0993B}"
EndProject
Global
	GlobalSection(SolutionConfigurationPlatforms) = preSolution
		Debug|Any CPU = Debug|Any CPU
		Release|Any CPU = Release|Any CPU
	EndGlobalSection
	GlobalSection(ProjectConfigurationPlatforms) = postSolution
		{0E70F70F-63ED-4FA8-A967-323D56D0993B}.Debug|Any CPU.ActiveCfg = Debug|Any CPU
		{0E70F70F-63ED-4FA8-A967-323D56D0993B}.Debug|Any CPU.Build.0 = Debug|Any CPU
		{0E70F70F-63ED-4FA8-A967-323D56D0993B}.Release|Any CPU.ActiveCfg = Release|Any CPU
		{0E70F70F-63ED-4FA8-A967-323D56D0993B}.Release|Any CPU.Build.0 = Release|Any CPU
	EndGlobalSection
	GlobalSection(SolutionProperties) = preSolution
		HideSolutionNode = FALSE
	EndGlobalSection
	GlobalSection(ExtensibilityGlobals) = postSolution
		SolutionGuid = {3D344FF8-C119-4B44-84C1-7E24CC6BA1ED}
	EndGlobalSection
EndGlobal
